
Microsoft Visual Studio Solution File, Format Version 12.00
# Visual Studio Version 17
VisualStudioVersion = 17.1.32210.238
MinimumVisualStudioVersion = 10.0.40219.1
Project("{9A19103F-16F7-4668-BE54-9A1E7A4F7556}") = "LinqWithObjects", "LinqWithObjects.csproj", "{39EC4CB5-70CE-4861-B046-BD52F99320E5}"
EndProject
Project("{FAE04EC0-301F-11D3-BF4B-00C04F79EFBC}") = "LinqWithSets", "..\LinqWithSets\LinqWithSets.csproj", "{30EB0C17-C916-4B18-A0C1-200E86CB73B1}"
EndProject
Global
	GlobalSection(SolutionConfigurationPlatforms) = preSolution
		Debug|Any CPU = Debug|Any CPU
		Release|Any CPU = Release|Any CPU
	EndGlobalSection
	GlobalSection(ProjectConfigurationPlatforms) = postSolution
		{39EC4CB5-70CE-4861-B046-BD52F99320E5}.Debug|Any CPU.ActiveCfg = Debug|Any CPU
		{39EC4CB5-70CE-4861-B046-BD52F99320E5}.Debug|Any CPU.Build.0 = Debug|Any CPU
		{39EC4CB5-70CE-4861-B046-BD52F99320E5}.Release|Any CPU.ActiveCfg = Release|Any CPU
		{39EC4CB5-70CE-4861-B046-BD52F99320E5}.Release|Any CPU.Build.0 = Release|Any CPU
		{30EB0C17-C916-4B18-A0C1-200E86CB73B1}.Debug|Any CPU.ActiveCfg = Debug|Any CPU
		{30EB0C17-C916-4B18-A0C1-200E86CB73B1}.Debug|Any CPU.Build.0 = Debug|Any CPU
		{30EB0C17-C916-4B18-A0C1-200E86CB73B1}.Release|Any CPU.ActiveCfg = Release|Any CPU
		{30EB0C17-C916-4B18-A0C1-200E86CB73B1}.Release|Any CPU.Build.0 = Release|Any CPU
	EndGlobalSection
	GlobalSection(SolutionProperties) = preSolution
		HideSolutionNode = FALSE
	EndGlobalSection
	GlobalSection(ExtensibilityGlobals) = postSolution
		SolutionGuid = {B0B3278C-AC64-463A-9A43-147DDA9E90A9}
	EndGlobalSection
EndGlobal
